
Microsoft Visual Studio Solution File, Format Version 12.00
# Visual Studio Version 17
VisualStudioVersion = 17.5.33530.505
MinimumVisualStudioVersion = 10.0.40219.1
Project("{9A19103F-16F7-4668-BE54-9A1E7A4F7556}") = "ALDropspotter", "ALDropspotter\ALDropspotter.csproj", "{94B01D82-AE13-4709-B51F-963D7D1403CA}"
EndProject
Global
	GlobalSection(SolutionConfigurationPlatforms) = preSolution
		Debug|Any CPU = Debug|Any CPU
		Release|Any CPU = Release|Any CPU
	EndGlobalSection
	GlobalSection(ProjectConfigurationPlatforms) = postSolution
		{94B01D82-AE13-4709-B51F-963D7D1403CA}.Debug|Any CPU.ActiveCfg = Debug|Any CPU
		{94B01D82-AE13-4709-B51F-963D7D1403CA}.Debug|Any CPU.Build.0 = Debug|Any CPU
		{94B01D82-AE13-4709-B51F-963D7D1403CA}.Release|Any CPU.ActiveCfg = Release|Any CPU
		{94B01D82-AE13-4709-B51F-963D7D1403CA}.Release|Any CPU.Build.0 = Release|Any CPU
	EndGlobalSection
	GlobalSection(SolutionProperties) = preSolution
		HideSolutionNode = FALSE
	EndGlobalSection
	GlobalSection(ExtensibilityGlobals) = postSolution
		SolutionGuid = {ABF9AAA1-8F35-4030-9FDF-A279EBCA0BA1}
	EndGlobalSection
EndGlobal
